// !$*UTF8*$!
{
	archiveVersion = 1;
	classes = {
	};
	objectVersion = 50;
	objects = {

/* Begin PBXBuildFile section */
		196992D62138509E00B80EA8 /* SongController.swift in Sources */ = {isa = PBXBuildFile; fileRef = 196992D52138509E00B80EA8 /* SongController.swift */; };
		19BBB3822136FFC500F85BB9 /* AppDelegate.swift in Sources */ = {isa = PBXBuildFile; fileRef = 19BBB3812136FFC500F85BB9 /* AppDelegate.swift */; };
		19BBB3872136FFC500F85BB9 /* Main.storyboard in Resources */ = {isa = PBXBuildFile; fileRef = 19BBB3852136FFC500F85BB9 /* Main.storyboard */; };
		19BBB3892136FFC700F85BB9 /* Assets.xcassets in Resources */ = {isa = PBXBuildFile; fileRef = 19BBB3882136FFC700F85BB9 /* Assets.xcassets */; };
		19BBB38C2136FFC700F85BB9 /* LaunchScreen.storyboard in Resources */ = {isa = PBXBuildFile; fileRef = 19BBB38A2136FFC700F85BB9 /* LaunchScreen.storyboard */; };
		19BBB3962137076B00F85BB9 /* SongTableViewController.swift in Sources */ = {isa = PBXBuildFile; fileRef = 19BBB3952137076B00F85BB9 /* SongTableViewController.swift */; };
		19BBB3982137079E00F85BB9 /* PlaylistTableViewController.swift in Sources */ = {isa = PBXBuildFile; fileRef = 19BBB3972137079E00F85BB9 /* PlaylistTableViewController.swift */; };
		19BBB39E2137086B00F85BB9 /* Song.swift in Sources */ = {isa = PBXBuildFile; fileRef = 19BBB39D2137086B00F85BB9 /* Song.swift */; };
		19BBB3A02137087E00F85BB9 /* Playlist.swift in Sources */ = {isa = PBXBuildFile; fileRef = 19BBB39F2137087E00F85BB9 /* Playlist.swift */; };
		19BBB3A221370BD700F85BB9 /* PlaylistController.swift in Sources */ = {isa = PBXBuildFile; fileRef = 19BBB3A121370BD700F85BB9 /* PlaylistController.swift */; };
/* End PBXBuildFile section */

/* Begin PBXFileReference section */
		196992D52138509E00B80EA8 /* SongController.swift */ = {isa = PBXFileReference; lastKnownFileType = sourcecode.swift; path = SongController.swift; sourceTree = "<group>"; };
		19BBB37E2136FFC500F85BB9 /* PlaylistiOSP2.app */ = {isa = PBXFileReference; explicitFileType = wrapper.application; includeInIndex = 0; path = PlaylistiOSP2.app; sourceTree = BUILT_PRODUCTS_DIR; };
		19BBB3812136FFC500F85BB9 /* AppDelegate.swift */ = {isa = PBXFileReference; lastKnownFileType = sourcecode.swift; path = AppDelegate.swift; sourceTree = "<group>"; };
		19BBB3862136FFC500F85BB9 /* Base */ = {isa = PBXFileReference; lastKnownFileType = file.storyboard; name = Base; path = Base.lproj/Main.storyboard; sourceTree = "<group>"; };
		19BBB3882136FFC700F85BB9 /* Assets.xcassets */ = {isa = PBXFileReference; lastKnownFileType = folder.assetcatalog; path = Assets.xcassets; sourceTree = "<group>"; };
		19BBB38B2136FFC700F85BB9 /* Base */ = {isa = PBXFileReference; lastKnownFileType = file.storyboard; name = Base; path = Base.lproj/LaunchScreen.storyboard; sourceTree = "<group>"; };
		19BBB38D2136FFC700F85BB9 /* Info.plist */ = {isa = PBXFileReference; lastKnownFileType = text.plist.xml; path = Info.plist; sourceTree = "<group>"; };
		19BBB3952137076B00F85BB9 /* SongTableViewController.swift */ = {isa = PBXFileReference; lastKnownFileType = sourcecode.swift; name = SongTableViewController.swift; path = "Controllers/View Controllers/SongTableViewController.swift"; sourceTree = SOURCE_ROOT; };
		19BBB3972137079E00F85BB9 /* PlaylistTableViewController.swift */ = {isa = PBXFileReference; lastKnownFileType = sourcecode.swift; path = PlaylistTableViewController.swift; sourceTree = "<group>"; };
		19BBB39D2137086B00F85BB9 /* Song.swift */ = {isa = PBXFileReference; lastKnownFileType = sourcecode.swift; path = Song.swift; sourceTree = "<group>"; };
		19BBB39F2137087E00F85BB9 /* Playlist.swift */ = {isa = PBXFileReference; lastKnownFileType = sourcecode.swift; path = Playlist.swift; sourceTree = "<group>"; };
		19BBB3A121370BD700F85BB9 /* PlaylistController.swift */ = {isa = PBXFileReference; lastKnownFileType = sourcecode.swift; path = PlaylistController.swift; sourceTree = "<group>"; };
/* End PBXFileReference section */

/* Begin PBXFrameworksBuildPhase section */
		19BBB37B2136FFC500F85BB9 /* Frameworks */ = {
			isa = PBXFrameworksBuildPhase;
			buildActionMask = 2147483647;
			files = (
			);
			runOnlyForDeploymentPostprocessing = 0;
		};
/* End PBXFrameworksBuildPhase section */

/* Begin PBXGroup section */
		19BBB3752136FFC500F85BB9 = {
			isa = PBXGroup;
			children = (
				19BBB39C2137084F00F85BB9 /* UI */,
				19BBB39B213707DA00F85BB9 /* Models */,
				19BBB39A213707C100F85BB9 /* Resources */,
				19BBB399213707A700F85BB9 /* Controllers */,
				19BBB37F2136FFC500F85BB9 /* Products */,
			);
			sourceTree = "<group>";
		};
		19BBB37F2136FFC500F85BB9 /* Products */ = {
			isa = PBXGroup;
			children = (
				19BBB37E2136FFC500F85BB9 /* PlaylistiOSP2.app */,
			);
			name = Products;
			sourceTree = "<group>";
		};
		19BBB3802136FFC500F85BB9 /* PlaylistiOSP2 */ = {
			isa = PBXGroup;
			children = (
			);
			path = PlaylistiOSP2;
			sourceTree = "<group>";
		};
		19BBB399213707A700F85BB9 /* Controllers */ = {
			isa = PBXGroup;
			children = (
				19BBB3A421370C0500F85BB9 /* View Controllers */,
				19BBB3802136FFC500F85BB9 /* PlaylistiOSP2 */,
			);
			path = Controllers;
			sourceTree = "<group>";
		};
		19BBB39A213707C100F85BB9 /* Resources */ = {
			isa = PBXGroup;
			children = (
				19BBB38D2136FFC700F85BB9 /* Info.plist */,
				19BBB3882136FFC700F85BB9 /* Assets.xcassets */,
				19BBB3812136FFC500F85BB9 /* AppDelegate.swift */,
			);
			path = Resources;
			sourceTree = "<group>";
		};
		19BBB39B213707DA00F85BB9 /* Models */ = {
			isa = PBXGroup;
			children = (
				19BBB39D2137086B00F85BB9 /* Song.swift */,
				19BBB39F2137087E00F85BB9 /* Playlist.swift */,
			);
			path = Models;
			sourceTree = "<group>";
		};
		19BBB39C2137084F00F85BB9 /* UI */ = {
			isa = PBXGroup;
			children = (
				19BBB38A2136FFC700F85BB9 /* LaunchScreen.storyboard */,
				19BBB3852136FFC500F85BB9 /* Main.storyboard */,
			);
			path = UI;
			sourceTree = "<group>";
		};
		19BBB3A321370BF000F85BB9 /* Model Controller */ = {
			isa = PBXGroup;
			children = (
				19BBB3A121370BD700F85BB9 /* PlaylistController.swift */,
				196992D52138509E00B80EA8 /* SongController.swift */,
			);
			path = "Model Controller";
			sourceTree = "<group>";
		};
		19BBB3A421370C0500F85BB9 /* View Controllers */ = {
			isa = PBXGroup;
			children = (
				19BBB3972137079E00F85BB9 /* PlaylistTableViewController.swift */,
				19BBB3952137076B00F85BB9 /* SongTableViewController.swift */,
				19BBB3A321370BF000F85BB9 /* Model Controller */,
			);
			path = "View Controllers";
			sourceTree = "<group>";
		};
/* End PBXGroup section */

/* Begin PBXNativeTarget section */
		19BBB37D2136FFC500F85BB9 /* PlaylistiOSP2 */ = {
			isa = PBXNativeTarget;
			buildConfigurationList = 19BBB3902136FFC700F85BB9 /* Build configuration list for PBXNativeTarget "PlaylistiOSP2" */;
			buildPhases = (
				19BBB37A2136FFC500F85BB9 /* Sources */,
				19BBB37B2136FFC500F85BB9 /* Frameworks */,
				19BBB37C2136FFC500F85BB9 /* Resources */,
			);
			buildRules = (
			);
			dependencies = (
			);
			name = PlaylistiOSP2;
			productName = PlaylistiOSP2;
			productReference = 19BBB37E2136FFC500F85BB9 /* PlaylistiOSP2.app */;
			productType = "com.apple.product-type.application";
		};
/* End PBXNativeTarget section */

/* Begin PBXProject section */
		19BBB3762136FFC500F85BB9 /* Project object */ = {
			isa = PBXProject;
			attributes = {
				LastSwiftUpdateCheck = 0940;
				LastUpgradeCheck = 0940;
				ORGANIZATIONNAME = "Xavier ios dev";
				TargetAttributes = {
					19BBB37D2136FFC500F85BB9 = {
						CreatedOnToolsVersion = 9.4.1;
					};
				};
			};
			buildConfigurationList = 19BBB3792136FFC500F85BB9 /* Build configuration list for PBXProject "PlaylistiOSP2" */;
			compatibilityVersion = "Xcode 9.3";
			developmentRegion = en;
			hasScannedForEncodings = 0;
			knownRegions = (
				en,
				Base,
			);
			mainGroup = 19BBB3752136FFC500F85BB9;
			productRefGroup = 19BBB37F2136FFC500F85BB9 /* Products */;
			projectDirPath = "";
			projectRoot = "";
			targets = (
				19BBB37D2136FFC500F85BB9 /* PlaylistiOSP2 */,
			);
		};
/* End PBXProject section */

/* Begin PBXResourcesBuildPhase section */
		19BBB37C2136FFC500F85BB9 /* Resources */ = {
			isa = PBXResourcesBuildPhase;
			buildActionMask = 2147483647;
			files = (
				19BBB38C2136FFC700F85BB9 /* LaunchScreen.storyboard in Resources */,
				19BBB3892136FFC700F85BB9 /* Assets.xcassets in Resources */,
				19BBB3872136FFC500F85BB9 /* Main.storyboard in Resources */,
			);
			runOnlyForDeploymentPostprocessing = 0;
		};
/* End PBXResourcesBuildPhase section */

/* Begin PBXSourcesBuildPhase section */
		19BBB37A2136FFC500F85BB9 /* Sources */ = {
			isa = PBXSourcesBuildPhase;
			buildActionMask = 2147483647;
			files = (
				196992D62138509E00B80EA8 /* SongController.swift in Sources */,
				19BBB39E2137086B00F85BB9 /* Song.swift in Sources */,
				19BBB3822136FFC500F85BB9 /* AppDelegate.swift in Sources */,
				19BBB3982137079E00F85BB9 /* PlaylistTableViewController.swift in Sources */,
				19BBB3962137076B00F85BB9 /* SongTableViewController.swift in Sources */,
				19BBB3A02137087E00F85BB9 /* Playlist.swift in Sources */,
				19BBB3A221370BD700F85BB9 /* PlaylistController.swift in Sources */,
			);
			runOnlyForDeploymentPostprocessing = 0;
		};
/* End PBXSourcesBuildPhase section */

/* Begin PBXVariantGroup section */
		19BBB3852136FFC500F85BB9 /* Main.storyboard */ = {
			isa = PBXVariantGroup;
			children = (
				19BBB3862136FFC500F85BB9 /* Base */,
			);
			name = Main.storyboard;
			sourceTree = "<group>";
		};
		19BBB38A2136FFC700F85BB9 /* LaunchScreen.storyboard */ = {
			isa = PBXVariantGroup;
			children = (
				19BBB38B2136FFC700F85BB9 /* Base */,
			);
			name = LaunchScreen.storyboard;
			sourceTree = "<group>";
		};
/* End PBXVariantGroup section */

/* Begin XCBuildConfiguration section */
		19BBB38E2136FFC700F85BB9 /* Debug */ = {
			isa = XCBuildConfiguration;
			buildSettings = {
				ALWAYS_SEARCH_USER_PATHS = NO;
				CLANG_ANALYZER_NONNULL = YES;
				CLANG_ANALYZER_NUMBER_OBJECT_CONVERSION = YES_AGGRESSIVE;
				CLANG_CXX_LANGUAGE_STANDARD = "gnu++14";
				CLANG_CXX_LIBRARY = "libc++";
				CLANG_ENABLE_MODULES = YES;
				CLANG_ENABLE_OBJC_ARC = YES;
				CLANG_ENABLE_OBJC_WEAK = YES;
				CLANG_WARN_BLOCK_CAPTURE_AUTORELEASING = YES;
				CLANG_WARN_BOOL_CONVERSION = YES;
				CLANG_WARN_COMMA = YES;
				CLANG_WARN_CONSTANT_CONVERSION = YES;
				CLANG_WARN_DEPRECATED_OBJC_IMPLEMENTATIONS = YES;
				CLANG_WARN_DIRECT_OBJC_ISA_USAGE = YES_ERROR;
				CLANG_WARN_DOCUMENTATION_COMMENTS = YES;
				CLANG_WARN_EMPTY_BODY = YES;
				CLANG_WARN_ENUM_CONVERSION = YES;
				CLANG_WARN_INFINITE_RECURSION = YES;
				CLANG_WARN_INT_CONVERSION = YES;
				CLANG_WARN_NON_LITERAL_NULL_CONVERSION = YES;
				CLANG_WARN_OBJC_IMPLICIT_RETAIN_SELF = YES;
				CLANG_WARN_OBJC_LITERAL_CONVERSION = YES;
				CLANG_WARN_OBJC_ROOT_CLASS = YES_ERROR;
				CLANG_WARN_RANGE_LOOP_ANALYSIS = YES;
				CLANG_WARN_STRICT_PROTOTYPES = YES;
				CLANG_WARN_SUSPICIOUS_MOVE = YES;
				CLANG_WARN_UNGUARDED_AVAILABILITY = YES_AGGRESSIVE;
				CLANG_WARN_UNREACHABLE_CODE = YES;
				CLANG_WARN__DUPLICATE_METHOD_MATCH = YES;
				CODE_SIGN_IDENTITY = "iPhone Developer";
				COPY_PHASE_STRIP = NO;
				DEBUG_INFORMATION_FORMAT = dwarf;
				ENABLE_STRICT_OBJC_MSGSEND = YES;
				ENABLE_TESTABILITY = YES;
				GCC_C_LANGUAGE_STANDARD = gnu11;
				GCC_DYNAMIC_NO_PIC = NO;
				GCC_NO_COMMON_BLOCKS = YES;
				GCC_OPTIMIZATION_LEVEL = 0;
				GCC_PREPROCESSOR_DEFINITIONS = (
					"DEBUG=1",
					"$(inherited)",
				);
				GCC_WARN_64_TO_32_BIT_CONVERSION = YES;
				GCC_WARN_ABOUT_RETURN_TYPE = YES_ERROR;
				GCC_WARN_UNDECLARED_SELECTOR = YES;
				GCC_WARN_UNINITIALIZED_AUTOS = YES_AGGRESSIVE;
				GCC_WARN_UNUSED_FUNCTION = YES;
				GCC_WARN_UNUSED_VARIABLE = YES;
				IPHONEOS_DEPLOYMENT_TARGET = 11.4;
				MTL_ENABLE_DEBUG_INFO = YES;
				ONLY_ACTIVE_ARCH = YES;
				SDKROOT = iphoneos;
				SWIFT_ACTIVE_COMPILATION_CONDITIONS = DEBUG;
				SWIFT_OPTIMIZATION_LEVEL = "-Onone";
			};
			name = Debug;
		};
		19BBB38F2136FFC700F85BB9 /* Release */ = {
			isa = XCBuildConfiguration;
			buildSettings = {
				ALWAYS_SEARCH_USER_PATHS = NO;
				CLANG_ANALYZER_NONNULL = YES;
				CLANG_ANALYZER_NUMBER_OBJECT_CONVERSION = YES_AGGRESSIVE;
				CLANG_CXX_LANGUAGE_STANDARD = "gnu++14";
				CLANG_CXX_LIBRARY = "libc++";
				CLANG_ENABLE_MODULES = YES;
				CLANG_ENABLE_OBJC_ARC = YES;
				CLANG_ENABLE_OBJC_WEAK = YES;
				CLANG_WARN_BLOCK_CAPTURE_AUTORELEASING = YES;
				CLANG_WARN_BOOL_CONVERSION = YES;
				CLANG_WARN_COMMA = YES;
				CLANG_WARN_CONSTANT_CONVERSION = YES;
				CLANG_WARN_DEPRECATED_OBJC_IMPLEMENTATIONS = YES;
				CLANG_WARN_DIRECT_OBJC_ISA_USAGE = YES_ERROR;
				CLANG_WARN_DOCUMENTATION_COMMENTS = YES;
				CLANG_WARN_EMPTY_BODY = YES;
				CLANG_WARN_ENUM_CONVERSION = YES;
				CLANG_WARN_INFINITE_RECURSION = YES;
				CLANG_WARN_INT_CONVERSION = YES;
				CLANG_WARN_NON_LITERAL_NULL_CONVERSION = YES;
				CLANG_WARN_OBJC_IMPLICIT_RETAIN_SELF = YES;
				CLANG_WARN_OBJC_LITERAL_CONVERSION = YES;
				CLANG_WARN_OBJC_ROOT_CLASS = YES_ERROR;
				CLANG_WARN_RANGE_LOOP_ANALYSIS = YES;
				CLANG_WARN_STRICT_PROTOTYPES = YES;
				CLANG_WARN_SUSPICIOUS_MOVE = YES;
				CLANG_WARN_UNGUARDED_AVAILABILITY = YES_AGGRESSIVE;
				CLANG_WARN_UNREACHABLE_CODE = YES;
				CLANG_WARN__DUPLICATE_METHOD_MATCH = YES;
				CODE_SIGN_IDENTITY = "iPhone Developer";
				COPY_PHASE_STRIP = NO;
				DEBUG_INFORMATION_FORMAT = "dwarf-with-dsym";
				ENABLE_NS_ASSERTIONS = NO;
				ENABLE_STRICT_OBJC_MSGSEND = YES;
				GCC_C_LANGUAGE_STANDARD = gnu11;
				GCC_NO_COMMON_BLOCKS = YES;
				GCC_WARN_64_TO_32_BIT_CONVERSION = YES;
				GCC_WARN_ABOUT_RETURN_TYPE = YES_ERROR;
				GCC_WARN_UNDECLARED_SELECTOR = YES;
				GCC_WARN_UNINITIALIZED_AUTOS = YES_AGGRESSIVE;
				GCC_WARN_UNUSED_FUNCTION = YES;
				GCC_WARN_UNUSED_VARIABLE = YES;
				IPHONEOS_DEPLOYMENT_TARGET = 11.4;
				MTL_ENABLE_DEBUG_INFO = NO;
				SDKROOT = iphoneos;
				SWIFT_COMPILATION_MODE = wholemodule;
				SWIFT_OPTIMIZATION_LEVEL = "-O";
				VALIDATE_PRODUCT = YES;
			};
			name = Release;
		};
		19BBB3912136FFC700F85BB9 /* Debug */ = {
			isa = XCBuildConfiguration;
			buildSettings = {
				ASSETCATALOG_COMPILER_APPICON_NAME = AppIcon;
				CODE_SIGN_STYLE = Automatic;
				INFOPLIST_FILE = "$(SRCROOT)/Resources/Info.plist";
				LD_RUNPATH_SEARCH_PATHS = (
					"$(inherited)",
					"@executable_path/Frameworks",
				);
				PRODUCT_BUNDLE_IDENTIFIER = COM.UDACITY.PlaylistiOSP2;
				PRODUCT_NAME = "$(TARGET_NAME)";
				SWIFT_VERSION = 4.0;
				TARGETED_DEVICE_FAMILY = "1,2";
			};
			name = Debug;
		};
		19BBB3922136FFC700F85BB9 /* Release */ = {
			isa = XCBuildConfiguration;
			buildSettings = {
				ASSETCATALOG_COMPILER_APPICON_NAME = AppIcon;
				CODE_SIGN_STYLE = Automatic;
				INFOPLIST_FILE = "$(SRCROOT)/Resources/Info.plist";
				LD_RUNPATH_SEARCH_PATHS = (
					"$(inherited)",
					"@executable_path/Frameworks",
				);
				PRODUCT_BUNDLE_IDENTIFIER = COM.UDACITY.PlaylistiOSP2;
				PRODUCT_NAME = "$(TARGET_NAME)";
				SWIFT_VERSION = 4.0;
				TARGETED_DEVICE_FAMILY = "1,2";
			};
			name = Release;
		};
/* End XCBuildConfiguration section */

/* Begin XCConfigurationList section */
		19BBB3792136FFC500F85BB9 /* Build configuration list for PBXProject "PlaylistiOSP2" */ = {
			isa = XCConfigurationList;
			buildConfigurations = (
				19BBB38E2136FFC700F85BB9 /* Debug */,
				19BBB38F2136FFC700F85BB9 /* Release */,
			);
			defaultConfigurationIsVisible = 0;
			defaultConfigurationName = Release;
		};
		19BBB3902136FFC700F85BB9 /* Build configuration list for PBXNativeTarget "PlaylistiOSP2" */ = {
			isa = XCConfigurationList;
			buildConfigurations = (
				19BBB3912136FFC700F85BB9 /* Debug */,
				19BBB3922136FFC700F85BB9 /* Release */,
			);
			defaultConfigurationIsVisible = 0;
			defaultConfigurationName = Release;
		};
/* End XCConfigurationList section */
	};
	rootObject = 19BBB3762136FFC500F85BB9 /* Project object */;
}
